
Microsoft Visual Studio Solution File, Format Version 12.00
# Visual Studio 2013
VisualStudioVersion = 12.0.21005.1
MinimumVisualStudioVersion = 10.0.40219.1
Project("{8BC9CEB8-8B4A-11D0-8D11-00A0C91BC942}") = "01_InterLeavedMarbleV1", "01_InterLeavedMarbleV1\01_InterLeavedMarbleV1.vcxproj", "{0B2FEFB3-0DC7-468A-9ADB-AED663B32BC2}"
EndProject
Project("{8BC9CEB8-8B4A-11D0-8D11-00A0C91BC942}") = "05_GeometryShader", "05_GeometryShader\05_GeometryShader.vcxproj", "{BFFF7EED-AB51-4F61-96E3-846D40AA7333}"
EndProject
Project("{8BC9CEB8-8B4A-11D0-8D11-00A0C91BC942}") = "04_TessellationShader", "04_TessellationShader\04_TessellationShader.vcxproj", "{FE420F60-3B2E-4ED4-BD61-8677BF541555}"
EndProject
Global
	GlobalSection(SolutionConfigurationPlatforms) = preSolution
		Debug|Win32 = Debug|Win32
		Release|Win32 = Release|Win32
	EndGlobalSection
	GlobalSection(ProjectConfigurationPlatforms) = postSolution
		{0B2FEFB3-0DC7-468A-9ADB-AED663B32BC2}.Debug|Win32.ActiveCfg = Debug|Win32
		{0B2FEFB3-0DC7-468A-9ADB-AED663B32BC2}.Debug|Win32.Build.0 = Debug|Win32
		{0B2FEFB3-0DC7-468A-9ADB-AED663B32BC2}.Release|Win32.ActiveCfg = Release|Win32
		{0B2FEFB3-0DC7-468A-9ADB-AED663B32BC2}.Release|Win32.Build.0 = Release|Win32
		{BFFF7EED-AB51-4F61-96E3-846D40AA7333}.Debug|Win32.ActiveCfg = Debug|Win32
		{BFFF7EED-AB51-4F61-96E3-846D40AA7333}.Debug|Win32.Build.0 = Debug|Win32
		{BFFF7EED-AB51-4F61-96E3-846D40AA7333}.Release|Win32.ActiveCfg = Release|Win32
		{BFFF7EED-AB51-4F61-96E3-846D40AA7333}.Release|Win32.Build.0 = Release|Win32
		{FE420F60-3B2E-4ED4-BD61-8677BF541555}.Debug|Win32.ActiveCfg = Debug|Win32
		{FE420F60-3B2E-4ED4-BD61-8677BF541555}.Debug|Win32.Build.0 = Debug|Win32
		{FE420F60-3B2E-4ED4-BD61-8677BF541555}.Release|Win32.ActiveCfg = Release|Win32
		{FE420F60-3B2E-4ED4-BD61-8677BF541555}.Release|Win32.Build.0 = Release|Win32
	EndGlobalSection
	GlobalSection(SolutionProperties) = preSolution
		HideSolutionNode = FALSE
	EndGlobalSection
EndGlobal
